
Microsoft Visual Studio Solution File, Format Version 12.00
# Visual Studio Version 17
VisualStudioVersion = 17.5.002.0
MinimumVisualStudioVersion = 10.0.40219.1
Project("{9A19103F-16F7-4668-BE54-9A1E7A4F7556}") = "AppInventario", "AppInventario.csproj", "{DC459797-9D09-4225-9FB4-79B6C469F185}"
EndProject
Global
	GlobalSection(SolutionConfigurationPlatforms) = preSolution
		Debug|Any CPU = Debug|Any CPU
		Release|Any CPU = Release|Any CPU
	EndGlobalSection
	GlobalSection(ProjectConfigurationPlatforms) = postSolution
		{DC459797-9D09-4225-9FB4-79B6C469F185}.Debug|Any CPU.ActiveCfg = Debug|Any CPU
		{DC459797-9D09-4225-9FB4-79B6C469F185}.Debug|Any CPU.Build.0 = Debug|Any CPU
		{DC459797-9D09-4225-9FB4-79B6C469F185}.Release|Any CPU.ActiveCfg = Release|Any CPU
		{DC459797-9D09-4225-9FB4-79B6C469F185}.Release|Any CPU.Build.0 = Release|Any CPU
	EndGlobalSection
	GlobalSection(SolutionProperties) = preSolution
		HideSolutionNode = FALSE
	EndGlobalSection
	GlobalSection(ExtensibilityGlobals) = postSolution
		SolutionGuid = {726E7B31-FD05-4217-9504-60D785507A0B}
	EndGlobalSection
EndGlobal
